// !$*UTF8*$!
{
	archiveVersion = 1;
	classes = {
	};
	objectVersion = 46;
	objects = {

/* Begin PBXBuildFile section */
		45EF497818CD517F0063E473 /* Foundation.framework in Frameworks */ = {isa = PBXBuildFile; fileRef = 45EF497718CD517F0063E473 /* Foundation.framework */; };
		45EF497A18CD517F0063E473 /* CoreGraphics.framework in Frameworks */ = {isa = PBXBuildFile; fileRef = 45EF497918CD517F0063E473 /* CoreGraphics.framework */; };
		45EF497C18CD517F0063E473 /* UIKit.framework in Frameworks */ = {isa = PBXBuildFile; fileRef = 45EF497B18CD517F0063E473 /* UIKit.framework */; };
		45EF497E18CD517F0063E473 /* SpriteKit.framework in Frameworks */ = {isa = PBXBuildFile; fileRef = 45EF497D18CD517F0063E473 /* SpriteKit.framework */; };
		45EF498418CD517F0063E473 /* InfoPlist.strings in Resources */ = {isa = PBXBuildFile; fileRef = 45EF498218CD517F0063E473 /* InfoPlist.strings */; };
		45EF498618CD517F0063E473 /* main.m in Sources */ = {isa = PBXBuildFile; fileRef = 45EF498518CD517F0063E473 /* main.m */; };
		45EF498A18CD517F0063E473 /* AppDelegate.m in Sources */ = {isa = PBXBuildFile; fileRef = 45EF498918CD517F0063E473 /* AppDelegate.m */; };
		45EF498D18CD517F0063E473 /* Main_iPhone.storyboard in Resources */ = {isa = PBXBuildFile; fileRef = 45EF498B18CD517F0063E473 /* Main_iPhone.storyboard */; };
		45EF499018CD517F0063E473 /* Main_iPad.storyboard in Resources */ = {isa = PBXBuildFile; fileRef = 45EF498E18CD517F0063E473 /* Main_iPad.storyboard */; };
		45EF499318CD517F0063E473 /* ViewController.m in Sources */ = {isa = PBXBuildFile; fileRef = 45EF499218CD517F0063E473 /* ViewController.m */; };
		45EF499618CD517F0063E473 /* MyScene.m in Sources */ = {isa = PBXBuildFile; fileRef = 45EF499518CD517F0063E473 /* MyScene.m */; };
		45EF499A18CD517F0063E473 /* Images.xcassets in Resources */ = {isa = PBXBuildFile; fileRef = 45EF499918CD517F0063E473 /* Images.xcassets */; };
		45EF49A118CD517F0063E473 /* XCTest.framework in Frameworks */ = {isa = PBXBuildFile; fileRef = 45EF49A018CD517F0063E473 /* XCTest.framework */; };
		45EF49A218CD517F0063E473 /* Foundation.framework in Frameworks */ = {isa = PBXBuildFile; fileRef = 45EF497718CD517F0063E473 /* Foundation.framework */; };
		45EF49A318CD517F0063E473 /* UIKit.framework in Frameworks */ = {isa = PBXBuildFile; fileRef = 45EF497B18CD517F0063E473 /* UIKit.framework */; };
		45EF49AB18CD517F0063E473 /* InfoPlist.strings in Resources */ = {isa = PBXBuildFile; fileRef = 45EF49A918CD517F0063E473 /* InfoPlist.strings */; };
		45EF49AD18CD517F0063E473 /* SpriteKitDemo2Tests.m in Sources */ = {isa = PBXBuildFile; fileRef = 45EF49AC18CD517F0063E473 /* SpriteKitDemo2Tests.m */; };
		45EF49B918CD698E0063E473 /* explosion.png in Resources */ = {isa = PBXBuildFile; fileRef = 45EF49B818CD698E0063E473 /* explosion.png */; };
/* End PBXBuildFile section */

/* Begin PBXContainerItemProxy section */
		45EF49A418CD517F0063E473 /* PBXContainerItemProxy */ = {
			isa = PBXContainerItemProxy;
			containerPortal = 45EF496C18CD517F0063E473 /* Project object */;
			proxyType = 1;
			remoteGlobalIDString = 45EF497318CD517F0063E473;
			remoteInfo = SpriteKitDemo2;
		};
/* End PBXContainerItemProxy section */

/* Begin PBXFileReference section */
		45EF497418CD517F0063E473 /* SpriteKitDemo2.app */ = {isa = PBXFileReference; explicitFileType = wrapper.application; includeInIndex = 0; path = SpriteKitDemo2.app; sourceTree = BUILT_PRODUCTS_DIR; };
		45EF497718CD517F0063E473 /* Foundation.framework */ = {isa = PBXFileReference; lastKnownFileType = wrapper.framework; name = Foundation.framework; path = System/Library/Frameworks/Foundation.framework; sourceTree = SDKROOT; };
		45EF497918CD517F0063E473 /* CoreGraphics.framework */ = {isa = PBXFileReference; lastKnownFileType = wrapper.framework; name = CoreGraphics.framework; path = System/Library/Frameworks/CoreGraphics.framework; sourceTree = SDKROOT; };
		45EF497B18CD517F0063E473 /* UIKit.framework */ = {isa = PBXFileReference; lastKnownFileType = wrapper.framework; name = UIKit.framework; path = System/Library/Frameworks/UIKit.framework; sourceTree = SDKROOT; };
		45EF497D18CD517F0063E473 /* SpriteKit.framework */ = {isa = PBXFileReference; lastKnownFileType = wrapper.framework; name = SpriteKit.framework; path = System/Library/Frameworks/SpriteKit.framework; sourceTree = SDKROOT; };
		45EF498118CD517F0063E473 /* SpriteKitDemo2-Info.plist */ = {isa = PBXFileReference; lastKnownFileType = text.plist.xml; path = "SpriteKitDemo2-Info.plist"; sourceTree = "<group>"; };
		45EF498318CD517F0063E473 /* en */ = {isa = PBXFileReference; lastKnownFileType = text.plist.strings; name = en; path = en.lproj/InfoPlist.strings; sourceTree = "<group>"; };
		45EF498518CD517F0063E473 /* main.m */ = {isa = PBXFileReference; lastKnownFileType = sourcecode.c.objc; path = main.m; sourceTree = "<group>"; };
		45EF498718CD517F0063E473 /* SpriteKitDemo2-Prefix.pch */ = {isa = PBXFileReference; lastKnownFileType = sourcecode.c.h; path = "SpriteKitDemo2-Prefix.pch"; sourceTree = "<group>"; };
		45EF498818CD517F0063E473 /* AppDelegate.h */ = {isa = PBXFileReference; lastKnownFileType = sourcecode.c.h; path = AppDelegate.h; sourceTree = "<group>"; };
		45EF498918CD517F0063E473 /* AppDelegate.m */ = {isa = PBXFileReference; lastKnownFileType = sourcecode.c.objc; path = AppDelegate.m; sourceTree = "<group>"; };
		45EF498C18CD517F0063E473 /* Base */ = {isa = PBXFileReference; lastKnownFileType = file.storyboard; name = Base; path = Base.lproj/Main_iPhone.storyboard; sourceTree = "<group>"; };
		45EF498F18CD517F0063E473 /* Base */ = {isa = PBXFileReference; lastKnownFileType = file.storyboard; name = Base; path = Base.lproj/Main_iPad.storyboard; sourceTree = "<group>"; };
		45EF499118CD517F0063E473 /* ViewController.h */ = {isa = PBXFileReference; lastKnownFileType = sourcecode.c.h; path = ViewController.h; sourceTree = "<group>"; };
		45EF499218CD517F0063E473 /* ViewController.m */ = {isa = PBXFileReference; lastKnownFileType = sourcecode.c.objc; path = ViewController.m; sourceTree = "<group>"; };
		45EF499418CD517F0063E473 /* MyScene.h */ = {isa = PBXFileReference; lastKnownFileType = sourcecode.c.h; path = MyScene.h; sourceTree = "<group>"; };
		45EF499518CD517F0063E473 /* MyScene.m */ = {isa = PBXFileReference; lastKnownFileType = sourcecode.c.objc; path = MyScene.m; sourceTree = "<group>"; };
		45EF499918CD517F0063E473 /* Images.xcassets */ = {isa = PBXFileReference; lastKnownFileType = folder.assetcatalog; path = Images.xcassets; sourceTree = "<group>"; };
		45EF499F18CD517F0063E473 /* SpriteKitDemo2Tests.xctest */ = {isa = PBXFileReference; explicitFileType = wrapper.cfbundle; includeInIndex = 0; path = SpriteKitDemo2Tests.xctest; sourceTree = BUILT_PRODUCTS_DIR; };
		45EF49A018CD517F0063E473 /* XCTest.framework */ = {isa = PBXFileReference; lastKnownFileType = wrapper.framework; name = XCTest.framework; path = Library/Frameworks/XCTest.framework; sourceTree = DEVELOPER_DIR; };
		45EF49A818CD517F0063E473 /* SpriteKitDemo2Tests-Info.plist */ = {isa = PBXFileReference; lastKnownFileType = text.plist.xml; path = "SpriteKitDemo2Tests-Info.plist"; sourceTree = "<group>"; };
		45EF49AA18CD517F0063E473 /* en */ = {isa = PBXFileReference; lastKnownFileType = text.plist.strings; name = en; path = en.lproj/InfoPlist.strings; sourceTree = "<group>"; };
		45EF49AC18CD517F0063E473 /* SpriteKitDemo2Tests.m */ = {isa = PBXFileReference; lastKnownFileType = sourcecode.c.objc; path = SpriteKitDemo2Tests.m; sourceTree = "<group>"; };
		45EF49B818CD698E0063E473 /* explosion.png */ = {isa = PBXFileReference; lastKnownFileType = image.png; path = explosion.png; sourceTree = "<group>"; };
/* End PBXFileReference section */

/* Begin PBXFrameworksBuildPhase section */
		45EF497118CD517F0063E473 /* Frameworks */ = {
			isa = PBXFrameworksBuildPhase;
			buildActionMask = 2147483647;
			files = (
				45EF497A18CD517F0063E473 /* CoreGraphics.framework in Frameworks */,
				45EF497C18CD517F0063E473 /* UIKit.framework in Frameworks */,
				45EF497E18CD517F0063E473 /* SpriteKit.framework in Frameworks */,
				45EF497818CD517F0063E473 /* Foundation.framework in Frameworks */,
			);
			runOnlyForDeploymentPostprocessing = 0;
		};
		45EF499C18CD517F0063E473 /* Frameworks */ = {
			isa = PBXFrameworksBuildPhase;
			buildActionMask = 2147483647;
			files = (
				45EF49A118CD517F0063E473 /* XCTest.framework in Frameworks */,
				45EF49A318CD517F0063E473 /* UIKit.framework in Frameworks */,
				45EF49A218CD517F0063E473 /* Foundation.framework in Frameworks */,
			);
			runOnlyForDeploymentPostprocessing = 0;
		};
/* End PBXFrameworksBuildPhase section */

/* Begin PBXGroup section */
		45EF496B18CD517F0063E473 = {
			isa = PBXGroup;
			children = (
				45EF497F18CD517F0063E473 /* SpriteKitDemo2 */,
				45EF49A618CD517F0063E473 /* SpriteKitDemo2Tests */,
				45EF497618CD517F0063E473 /* Frameworks */,
				45EF497518CD517F0063E473 /* Products */,
			);
			sourceTree = "<group>";
		};
		45EF497518CD517F0063E473 /* Products */ = {
			isa = PBXGroup;
			children = (
				45EF497418CD517F0063E473 /* SpriteKitDemo2.app */,
				45EF499F18CD517F0063E473 /* SpriteKitDemo2Tests.xctest */,
			);
			name = Products;
			sourceTree = "<group>";
		};
		45EF497618CD517F0063E473 /* Frameworks */ = {
			isa = PBXGroup;
			children = (
				45EF497718CD517F0063E473 /* Foundation.framework */,
				45EF497918CD517F0063E473 /* CoreGraphics.framework */,
				45EF497B18CD517F0063E473 /* UIKit.framework */,
				45EF497D18CD517F0063E473 /* SpriteKit.framework */,
				45EF49A018CD517F0063E473 /* XCTest.framework */,
			);
			name = Frameworks;
			sourceTree = "<group>";
		};
		45EF497F18CD517F0063E473 /* SpriteKitDemo2 */ = {
			isa = PBXGroup;
			children = (
				45EF498818CD517F0063E473 /* AppDelegate.h */,
				45EF498918CD517F0063E473 /* AppDelegate.m */,
				45EF498B18CD517F0063E473 /* Main_iPhone.storyboard */,
				45EF498E18CD517F0063E473 /* Main_iPad.storyboard */,
				45EF499118CD517F0063E473 /* ViewController.h */,
				45EF499218CD517F0063E473 /* ViewController.m */,
				45EF499418CD517F0063E473 /* MyScene.h */,
				45EF499518CD517F0063E473 /* MyScene.m */,
				45EF499918CD517F0063E473 /* Images.xcassets */,
				45EF49B818CD698E0063E473 /* explosion.png */,
				45EF498018CD517F0063E473 /* Supporting Files */,
			);
			path = SpriteKitDemo2;
			sourceTree = "<group>";
		};
		45EF498018CD517F0063E473 /* Supporting Files */ = {
			isa = PBXGroup;
			children = (
				45EF498118CD517F0063E473 /* SpriteKitDemo2-Info.plist */,
				45EF498218CD517F0063E473 /* InfoPlist.strings */,
				45EF498518CD517F0063E473 /* main.m */,
				45EF498718CD517F0063E473 /* SpriteKitDemo2-Prefix.pch */,
			);
			name = "Supporting Files";
			sourceTree = "<group>";
		};
		45EF49A618CD517F0063E473 /* SpriteKitDemo2Tests */ = {
			isa = PBXGroup;
			children = (
				45EF49AC18CD517F0063E473 /* SpriteKitDemo2Tests.m */,
				45EF49A718CD517F0063E473 /* Supporting Files */,
			);
			path = SpriteKitDemo2Tests;
			sourceTree = "<group>";
		};
		45EF49A718CD517F0063E473 /* Supporting Files */ = {
			isa = PBXGroup;
			children = (
				45EF49A818CD517F0063E473 /* SpriteKitDemo2Tests-Info.plist */,
				45EF49A918CD517F0063E473 /* InfoPlist.strings */,
			);
			name = "Supporting Files";
			sourceTree = "<group>";
		};
/* End PBXGroup section */

/* Begin PBXNativeTarget section */
		45EF497318CD517F0063E473 /* SpriteKitDemo2 */ = {
			isa = PBXNativeTarget;
			buildConfigurationList = 45EF49B018CD517F0063E473 /* Build configuration list for PBXNativeTarget "SpriteKitDemo2" */;
			buildPhases = (
				45EF497018CD517F0063E473 /* Sources */,
				45EF497118CD517F0063E473 /* Frameworks */,
				45EF497218CD517F0063E473 /* Resources */,
			);
			buildRules = (
			);
			dependencies = (
			);
			name = SpriteKitDemo2;
			productName = SpriteKitDemo2;
			productReference = 45EF497418CD517F0063E473 /* SpriteKitDemo2.app */;
			productType = "com.apple.product-type.application";
		};
		45EF499E18CD517F0063E473 /* SpriteKitDemo2Tests */ = {
			isa = PBXNativeTarget;
			buildConfigurationList = 45EF49B318CD517F0063E473 /* Build configuration list for PBXNativeTarget "SpriteKitDemo2Tests" */;
			buildPhases = (
				45EF499B18CD517F0063E473 /* Sources */,
				45EF499C18CD517F0063E473 /* Frameworks */,
				45EF499D18CD517F0063E473 /* Resources */,
			);
			buildRules = (
			);
			dependencies = (
				45EF49A518CD517F0063E473 /* PBXTargetDependency */,
			);
			name = SpriteKitDemo2Tests;
			productName = SpriteKitDemo2Tests;
			productReference = 45EF499F18CD517F0063E473 /* SpriteKitDemo2Tests.xctest */;
			productType = "com.apple.product-type.bundle.unit-test";
		};
/* End PBXNativeTarget section */

/* Begin PBXProject section */
		45EF496C18CD517F0063E473 /* Project object */ = {
			isa = PBXProject;
			attributes = {
				LastUpgradeCheck = 0500;
				ORGANIZATIONNAME = "Marcus Smith";
				TargetAttributes = {
					45EF499E18CD517F0063E473 = {
						TestTargetID = 45EF497318CD517F0063E473;
					};
				};
			};
			buildConfigurationList = 45EF496F18CD517F0063E473 /* Build configuration list for PBXProject "SpriteKitDemo2" */;
			compatibilityVersion = "Xcode 3.2";
			developmentRegion = English;
			hasScannedForEncodings = 0;
			knownRegions = (
				en,
				Base,
			);
			mainGroup = 45EF496B18CD517F0063E473;
			productRefGroup = 45EF497518CD517F0063E473 /* Products */;
			projectDirPath = "";
			projectRoot = "";
			targets = (
				45EF497318CD517F0063E473 /* SpriteKitDemo2 */,
				45EF499E18CD517F0063E473 /* SpriteKitDemo2Tests */,
			);
		};
/* End PBXProject section */

/* Begin PBXResourcesBuildPhase section */
		45EF497218CD517F0063E473 /* Resources */ = {
			isa = PBXResourcesBuildPhase;
			buildActionMask = 2147483647;
			files = (
				45EF499A18CD517F0063E473 /* Images.xcassets in Resources */,
				45EF499018CD517F0063E473 /* Main_iPad.storyboard in Resources */,
				45EF498D18CD517F0063E473 /* Main_iPhone.storyboard in Resources */,
				45EF498418CD517F0063E473 /* InfoPlist.strings in Resources */,
				45EF49B918CD698E0063E473 /* explosion.png in Resources */,
			);
			runOnlyForDeploymentPostprocessing = 0;
		};
		45EF499D18CD517F0063E473 /* Resources */ = {
			isa = PBXResourcesBuildPhase;
			buildActionMask = 2147483647;
			files = (
				45EF49AB18CD517F0063E473 /* InfoPlist.strings in Resources */,
			);
			runOnlyForDeploymentPostprocessing = 0;
		};
/* End PBXResourcesBuildPhase section */

/* Begin PBXSourcesBuildPhase section */
		45EF497018CD517F0063E473 /* Sources */ = {
			isa = PBXSourcesBuildPhase;
			buildActionMask = 2147483647;
			files = (
				45EF499618CD517F0063E473 /* MyScene.m in Sources */,
				45EF499318CD517F0063E473 /* ViewController.m in Sources */,
				45EF498A18CD517F0063E473 /* AppDelegate.m in Sources */,
				45EF498618CD517F0063E473 /* main.m in Sources */,
			);
			runOnlyForDeploymentPostprocessing = 0;
		};
		45EF499B18CD517F0063E473 /* Sources */ = {
			isa = PBXSourcesBuildPhase;
			buildActionMask = 2147483647;
			files = (
				45EF49AD18CD517F0063E473 /* SpriteKitDemo2Tests.m in Sources */,
			);
			runOnlyForDeploymentPostprocessing = 0;
		};
/* End PBXSourcesBuildPhase section */

/* Begin PBXTargetDependency section */
		45EF49A518CD517F0063E473 /* PBXTargetDependency */ = {
			isa = PBXTargetDependency;
			target = 45EF497318CD517F0063E473 /* SpriteKitDemo2 */;
			targetProxy = 45EF49A418CD517F0063E473 /* PBXContainerItemProxy */;
		};
/* End PBXTargetDependency section */

/* Begin PBXVariantGroup section */
		45EF498218CD517F0063E473 /* InfoPlist.strings */ = {
			isa = PBXVariantGroup;
			children = (
				45EF498318CD517F0063E473 /* en */,
			);
			name = InfoPlist.strings;
			sourceTree = "<group>";
		};
		45EF498B18CD517F0063E473 /* Main_iPhone.storyboard */ = {
			isa = PBXVariantGroup;
			children = (
				45EF498C18CD517F0063E473 /* Base */,
			);
			name = Main_iPhone.storyboard;
			sourceTree = "<group>";
		};
		45EF498E18CD517F0063E473 /* Main_iPad.storyboard */ = {
			isa = PBXVariantGroup;
			children = (
				45EF498F18CD517F0063E473 /* Base */,
			);
			name = Main_iPad.storyboard;
			sourceTree = "<group>";
		};
		45EF49A918CD517F0063E473 /* InfoPlist.strings */ = {
			isa = PBXVariantGroup;
			children = (
				45EF49AA18CD517F0063E473 /* en */,
			);
			name = InfoPlist.strings;
			sourceTree = "<group>";
		};
/* End PBXVariantGroup section */

/* Begin XCBuildConfiguration section */
		45EF49AE18CD517F0063E473 /* Debug */ = {
			isa = XCBuildConfiguration;
			buildSettings = {
				ALWAYS_SEARCH_USER_PATHS = NO;
				ARCHS = "$(ARCHS_STANDARD_INCLUDING_64_BIT)";
				CLANG_CXX_LANGUAGE_STANDARD = "gnu++0x";
				CLANG_CXX_LIBRARY = "libc++";
				CLANG_ENABLE_MODULES = YES;
				CLANG_ENABLE_OBJC_ARC = YES;
				CLANG_WARN_BOOL_CONVERSION = YES;
				CLANG_WARN_CONSTANT_CONVERSION = YES;
				CLANG_WARN_DIRECT_OBJC_ISA_USAGE = YES_ERROR;
				CLANG_WARN_EMPTY_BODY = YES;
				CLANG_WARN_ENUM_CONVERSION = YES;
				CLANG_WARN_INT_CONVERSION = YES;
				CLANG_WARN_OBJC_ROOT_CLASS = YES_ERROR;
				CLANG_WARN__DUPLICATE_METHOD_MATCH = YES;
				"CODE_SIGN_IDENTITY[sdk=iphoneos*]" = "iPhone Developer";
				COPY_PHASE_STRIP = NO;
				GCC_C_LANGUAGE_STANDARD = gnu99;
				GCC_DYNAMIC_NO_PIC = NO;
				GCC_OPTIMIZATION_LEVEL = 0;
				GCC_PREPROCESSOR_DEFINITIONS = (
					"DEBUG=1",
					"$(inherited)",
				);
				GCC_SYMBOLS_PRIVATE_EXTERN = NO;
				GCC_WARN_64_TO_32_BIT_CONVERSION = YES;
				GCC_WARN_ABOUT_RETURN_TYPE = YES_ERROR;
				GCC_WARN_UNDECLARED_SELECTOR = YES;
				GCC_WARN_UNINITIALIZED_AUTOS = YES;
				GCC_WARN_UNUSED_FUNCTION = YES;
				GCC_WARN_UNUSED_VARIABLE = YES;
				IPHONEOS_DEPLOYMENT_TARGET = 7.0;
				ONLY_ACTIVE_ARCH = YES;
				SDKROOT = iphoneos;
				TARGETED_DEVICE_FAMILY = "1,2";
			};
			name = Debug;
		};
		45EF49AF18CD517F0063E473 /* Release */ = {
			isa = XCBuildConfiguration;
			buildSettings = {
				ALWAYS_SEARCH_USER_PATHS = NO;
				ARCHS = "$(ARCHS_STANDARD_INCLUDING_64_BIT)";
				CLANG_CXX_LANGUAGE_STANDARD = "gnu++0x";
				CLANG_CXX_LIBRARY = "libc++";
				CLANG_ENABLE_MODULES = YES;
				CLANG_ENABLE_OBJC_ARC = YES;
				CLANG_WARN_BOOL_CONVERSION = YES;
				CLANG_WARN_CONSTANT_CONVERSION = YES;
				CLANG_WARN_DIRECT_OBJC_ISA_USAGE = YES_ERROR;
				CLANG_WARN_EMPTY_BODY = YES;
				CLANG_WARN_ENUM_CONVERSION = YES;
				CLANG_WARN_INT_CONVERSION = YES;
				CLANG_WARN_OBJC_ROOT_CLASS = YES_ERROR;
				CLANG_WARN__DUPLICATE_METHOD_MATCH = YES;
				"CODE_SIGN_IDENTITY[sdk=iphoneos*]" = "iPhone Developer";
				COPY_PHASE_STRIP = YES;
				ENABLE_NS_ASSERTIONS = NO;
				GCC_C_LANGUAGE_STANDARD = gnu99;
				GCC_WARN_64_TO_32_BIT_CONVERSION = YES;
				GCC_WARN_ABOUT_RETURN_TYPE = YES_ERROR;
				GCC_WARN_UNDECLARED_SELECTOR = YES;
				GCC_WARN_UNINITIALIZED_AUTOS = YES;
				GCC_WARN_UNUSED_FUNCTION = YES;
				GCC_WARN_UNUSED_VARIABLE = YES;
				IPHONEOS_DEPLOYMENT_TARGET = 7.0;
				SDKROOT = iphoneos;
				TARGETED_DEVICE_FAMILY = "1,2";
				VALIDATE_PRODUCT = YES;
			};
			name = Release;
		};
		45EF49B118CD517F0063E473 /* Debug */ = {
			isa = XCBuildConfiguration;
			buildSettings = {
				ASSETCATALOG_COMPILER_APPICON_NAME = AppIcon;
				ASSETCATALOG_COMPILER_LAUNCHIMAGE_NAME = LaunchImage;
				GCC_PRECOMPILE_PREFIX_HEADER = YES;
				GCC_PREFIX_HEADER = "SpriteKitDemo2/SpriteKitDemo2-Prefix.pch";
				INFOPLIST_FILE = "SpriteKitDemo2/SpriteKitDemo2-Info.plist";
				PRODUCT_NAME = "$(TARGET_NAME)";
				SPRITEKIT_TEXTURE_ATLAS_OUTPUT = YES;
				WRAPPER_EXTENSION = app;
			};
			name = Debug;
		};
		45EF49B218CD517F0063E473 /* Release */ = {
			isa = XCBuildConfiguration;
			buildSettings = {
				ASSETCATALOG_COMPILER_APPICON_NAME = AppIcon;
				ASSETCATALOG_COMPILER_LAUNCHIMAGE_NAME = LaunchImage;
				GCC_PRECOMPILE_PREFIX_HEADER = YES;
				GCC_PREFIX_HEADER = "SpriteKitDemo2/SpriteKitDemo2-Prefix.pch";
				INFOPLIST_FILE = "SpriteKitDemo2/SpriteKitDemo2-Info.plist";
				PRODUCT_NAME = "$(TARGET_NAME)";
				SPRITEKIT_TEXTURE_ATLAS_OUTPUT = YES;
				WRAPPER_EXTENSION = app;
			};
			name = Release;
		};
		45EF49B418CD517F0063E473 /* Debug */ = {
			isa = XCBuildConfiguration;
			buildSettings = {
				ARCHS = "$(ARCHS_STANDARD_INCLUDING_64_BIT)";
				BUNDLE_LOADER = "$(BUILT_PRODUCTS_DIR)/SpriteKitDemo2.app/SpriteKitDemo2";
				FRAMEWORK_SEARCH_PATHS = (
					"$(SDKROOT)/Developer/Library/Frameworks",
					"$(inherited)",
					"$(DEVELOPER_FRAMEWORKS_DIR)",
				);
				GCC_PRECOMPILE_PREFIX_HEADER = YES;
				GCC_PREFIX_HEADER = "SpriteKitDemo2/SpriteKitDemo2-Prefix.pch";
				GCC_PREPROCESSOR_DEFINITIONS = (
					"DEBUG=1",
					"$(inherited)",
				);
				INFOPLIST_FILE = "SpriteKitDemo2Tests/SpriteKitDemo2Tests-Info.plist";
				PRODUCT_NAME = "$(TARGET_NAME)";
				TEST_HOST = "$(BUNDLE_LOADER)";
				WRAPPER_EXTENSION = xctest;
			};
			name = Debug;
		};
		45EF49B518CD517F0063E473 /* Release */ = {
			isa = XCBuildConfiguration;
			buildSettings = {
				ARCHS = "$(ARCHS_STANDARD_INCLUDING_64_BIT)";
				BUNDLE_LOADER = "$(BUILT_PRODUCTS_DIR)/SpriteKitDemo2.app/SpriteKitDemo2";
				FRAMEWORK_SEARCH_PATHS = (
					"$(SDKROOT)/Developer/Library/Frameworks",
					"$(inherited)",
					"$(DEVELOPER_FRAMEWORKS_DIR)",
				);
				GCC_PRECOMPILE_PREFIX_HEADER = YES;
				GCC_PREFIX_HEADER = "SpriteKitDemo2/SpriteKitDemo2-Prefix.pch";
				INFOPLIST_FILE = "SpriteKitDemo2Tests/SpriteKitDemo2Tests-Info.plist";
				PRODUCT_NAME = "$(TARGET_NAME)";
				TEST_HOST = "$(BUNDLE_LOADER)";
				WRAPPER_EXTENSION = xctest;
			};
			name = Release;
		};
/* End XCBuildConfiguration section */

/* Begin XCConfigurationList section */
		45EF496F18CD517F0063E473 /* Build configuration list for PBXProject "SpriteKitDemo2" */ = {
			isa = XCConfigurationList;
			buildConfigurations = (
				45EF49AE18CD517F0063E473 /* Debug */,
				45EF49AF18CD517F0063E473 /* Release */,
			);
			defaultConfigurationIsVisible = 0;
			defaultConfigurationName = Release;
		};
		45EF49B018CD517F0063E473 /* Build configuration list for PBXNativeTarget "SpriteKitDemo2" */ = {
			isa = XCConfigurationList;
			buildConfigurations = (
				45EF49B118CD517F0063E473 /* Debug */,
				45EF49B218CD517F0063E473 /* Release */,
			);
			defaultConfigurationIsVisible = 0;
		};
		45EF49B318CD517F0063E473 /* Build configuration list for PBXNativeTarget "SpriteKitDemo2Tests" */ = {
			isa = XCConfigurationList;
			buildConfigurations = (
				45EF49B418CD517F0063E473 /* Debug */,
				45EF49B518CD517F0063E473 /* Release */,
			);
			defaultConfigurationIsVisible = 0;
		};
/* End XCConfigurationList section */
	};
	rootObject = 45EF496C18CD517F0063E473 /* Project object */;
}
